// !$*UTF8*$!
{
	archiveVersion = 1;
	classes = {
	};
	objectVersion = 56;
	objects = {

/* Begin PBXBuildFile section */
		5C208E6929F4C22000D4EE8B /* sunset2_0App.swift in Sources */ = {isa = PBXBuildFile; fileRef = 5C208E6829F4C22000D4EE8B /* sunset2_0App.swift */; };
		5C208E6B29F4C22000D4EE8B /* ContentView.swift in Sources */ = {isa = PBXBuildFile; fileRef = 5C208E6A29F4C22000D4EE8B /* ContentView.swift */; };
		5C208E6D29F4C22100D4EE8B /* Assets.xcassets in Resources */ = {isa = PBXBuildFile; fileRef = 5C208E6C29F4C22100D4EE8B /* Assets.xcassets */; };
		5C208E7029F4C22100D4EE8B /* Preview Assets.xcassets in Resources */ = {isa = PBXBuildFile; fileRef = 5C208E6F29F4C22100D4EE8B /* Preview Assets.xcassets */; };
		5C208E7A29F4C22100D4EE8B /* sunset2_0Tests.swift in Sources */ = {isa = PBXBuildFile; fileRef = 5C208E7929F4C22100D4EE8B /* sunset2_0Tests.swift */; };
		5C208E8429F4C22100D4EE8B /* sunset2_0UITests.swift in Sources */ = {isa = PBXBuildFile; fileRef = 5C208E8329F4C22100D4EE8B /* sunset2_0UITests.swift */; };
		5C208E8629F4C22100D4EE8B /* sunset2_0UITestsLaunchTests.swift in Sources */ = {isa = PBXBuildFile; fileRef = 5C208E8529F4C22100D4EE8B /* sunset2_0UITestsLaunchTests.swift */; };
/* End PBXBuildFile section */

/* Begin PBXContainerItemProxy section */
		5C208E7629F4C22100D4EE8B /* PBXContainerItemProxy */ = {
			isa = PBXContainerItemProxy;
			containerPortal = 5C208E5D29F4C22000D4EE8B /* Project object */;
			proxyType = 1;
			remoteGlobalIDString = 5C208E6429F4C22000D4EE8B;
			remoteInfo = sunset2.0;
		};
		5C208E8029F4C22100D4EE8B /* PBXContainerItemProxy */ = {
			isa = PBXContainerItemProxy;
			containerPortal = 5C208E5D29F4C22000D4EE8B /* Project object */;
			proxyType = 1;
			remoteGlobalIDString = 5C208E6429F4C22000D4EE8B;
			remoteInfo = sunset2.0;
		};
/* End PBXContainerItemProxy section */

/* Begin PBXFileReference section */
		5C208E6529F4C22000D4EE8B /* sunset2.0.app */ = {isa = PBXFileReference; explicitFileType = wrapper.application; includeInIndex = 0; path = sunset2.0.app; sourceTree = BUILT_PRODUCTS_DIR; };
		5C208E6829F4C22000D4EE8B /* sunset2_0App.swift */ = {isa = PBXFileReference; lastKnownFileType = sourcecode.swift; path = sunset2_0App.swift; sourceTree = "<group>"; };
		5C208E6A29F4C22000D4EE8B /* ContentView.swift */ = {isa = PBXFileReference; lastKnownFileType = sourcecode.swift; path = ContentView.swift; sourceTree = "<group>"; };
		5C208E6C29F4C22100D4EE8B /* Assets.xcassets */ = {isa = PBXFileReference; lastKnownFileType = folder.assetcatalog; path = Assets.xcassets; sourceTree = "<group>"; };
		5C208E6F29F4C22100D4EE8B /* Preview Assets.xcassets */ = {isa = PBXFileReference; lastKnownFileType = folder.assetcatalog; path = "Preview Assets.xcassets"; sourceTree = "<group>"; };
		5C208E7529F4C22100D4EE8B /* sunset2.0Tests.xctest */ = {isa = PBXFileReference; explicitFileType = wrapper.cfbundle; includeInIndex = 0; path = sunset2.0Tests.xctest; sourceTree = BUILT_PRODUCTS_DIR; };
		5C208E7929F4C22100D4EE8B /* sunset2_0Tests.swift */ = {isa = PBXFileReference; lastKnownFileType = sourcecode.swift; path = sunset2_0Tests.swift; sourceTree = "<group>"; };
		5C208E7F29F4C22100D4EE8B /* sunset2.0UITests.xctest */ = {isa = PBXFileReference; explicitFileType = wrapper.cfbundle; includeInIndex = 0; path = sunset2.0UITests.xctest; sourceTree = BUILT_PRODUCTS_DIR; };
		5C208E8329F4C22100D4EE8B /* sunset2_0UITests.swift */ = {isa = PBXFileReference; lastKnownFileType = sourcecode.swift; path = sunset2_0UITests.swift; sourceTree = "<group>"; };
		5C208E8529F4C22100D4EE8B /* sunset2_0UITestsLaunchTests.swift */ = {isa = PBXFileReference; lastKnownFileType = sourcecode.swift; path = sunset2_0UITestsLaunchTests.swift; sourceTree = "<group>"; };
/* End PBXFileReference section */

/* Begin PBXFrameworksBuildPhase section */
		5C208E6229F4C22000D4EE8B /* Frameworks */ = {
			isa = PBXFrameworksBuildPhase;
			buildActionMask = 2147483647;
			files = (
			);
			runOnlyForDeploymentPostprocessing = 0;
		};
		5C208E7229F4C22100D4EE8B /* Frameworks */ = {
			isa = PBXFrameworksBuildPhase;
			buildActionMask = 2147483647;
			files = (
			);
			runOnlyForDeploymentPostprocessing = 0;
		};
		5C208E7C29F4C22100D4EE8B /* Frameworks */ = {
			isa = PBXFrameworksBuildPhase;
			buildActionMask = 2147483647;
			files = (
			);
			runOnlyForDeploymentPostprocessing = 0;
		};
/* End PBXFrameworksBuildPhase section */

/* Begin PBXGroup section */
		5C208E5C29F4C21F00D4EE8B = {
			isa = PBXGroup;
			children = (
				5C208E6729F4C22000D4EE8B /* sunset2.0 */,
				5C208E7829F4C22100D4EE8B /* sunset2.0Tests */,
				5C208E8229F4C22100D4EE8B /* sunset2.0UITests */,
				5C208E6629F4C22000D4EE8B /* Products */,
			);
			sourceTree = "<group>";
		};
		5C208E6629F4C22000D4EE8B /* Products */ = {
			isa = PBXGroup;
			children = (
				5C208E6529F4C22000D4EE8B /* sunset2.0.app */,
				5C208E7529F4C22100D4EE8B /* sunset2.0Tests.xctest */,
				5C208E7F29F4C22100D4EE8B /* sunset2.0UITests.xctest */,
			);
			name = Products;
			sourceTree = "<group>";
		};
		5C208E6729F4C22000D4EE8B /* sunset2.0 */ = {
			isa = PBXGroup;
			children = (
				5C208E6829F4C22000D4EE8B /* sunset2_0App.swift */,
				5C208E6A29F4C22000D4EE8B /* ContentView.swift */,
				5C208E6C29F4C22100D4EE8B /* Assets.xcassets */,
				5C208E6E29F4C22100D4EE8B /* Preview Content */,
			);
			path = sunset2.0;
			sourceTree = "<group>";
		};
		5C208E6E29F4C22100D4EE8B /* Preview Content */ = {
			isa = PBXGroup;
			children = (
				5C208E6F29F4C22100D4EE8B /* Preview Assets.xcassets */,
			);
			path = "Preview Content";
			sourceTree = "<group>";
		};
		5C208E7829F4C22100D4EE8B /* sunset2.0Tests */ = {
			isa = PBXGroup;
			children = (
				5C208E7929F4C22100D4EE8B /* sunset2_0Tests.swift */,
			);
			path = sunset2.0Tests;
			sourceTree = "<group>";
		};
		5C208E8229F4C22100D4EE8B /* sunset2.0UITests */ = {
			isa = PBXGroup;
			children = (
				5C208E8329F4C22100D4EE8B /* sunset2_0UITests.swift */,
				5C208E8529F4C22100D4EE8B /* sunset2_0UITestsLaunchTests.swift */,
			);
			path = sunset2.0UITests;
			sourceTree = "<group>";
		};
/* End PBXGroup section */

/* Begin PBXNativeTarget section */
		5C208E6429F4C22000D4EE8B /* sunset2.0 */ = {
			isa = PBXNativeTarget;
			buildConfigurationList = 5C208E8929F4C22100D4EE8B /* Build configuration list for PBXNativeTarget "sunset2.0" */;
			buildPhases = (
				5C208E6129F4C22000D4EE8B /* Sources */,
				5C208E6229F4C22000D4EE8B /* Frameworks */,
				5C208E6329F4C22000D4EE8B /* Resources */,
			);
			buildRules = (
			);
			dependencies = (
			);
			name = sunset2.0;
			productName = sunset2.0;
			productReference = 5C208E6529F4C22000D4EE8B /* sunset2.0.app */;
			productType = "com.apple.product-type.application";
		};
		5C208E7429F4C22100D4EE8B /* sunset2.0Tests */ = {
			isa = PBXNativeTarget;
			buildConfigurationList = 5C208E8C29F4C22100D4EE8B /* Build configuration list for PBXNativeTarget "sunset2.0Tests" */;
			buildPhases = (
				5C208E7129F4C22100D4EE8B /* Sources */,
				5C208E7229F4C22100D4EE8B /* Frameworks */,
				5C208E7329F4C22100D4EE8B /* Resources */,
			);
			buildRules = (
			);
			dependencies = (
				5C208E7729F4C22100D4EE8B /* PBXTargetDependency */,
			);
			name = sunset2.0Tests;
			productName = sunset2.0Tests;
			productReference = 5C208E7529F4C22100D4EE8B /* sunset2.0Tests.xctest */;
			productType = "com.apple.product-type.bundle.unit-test";
		};
		5C208E7E29F4C22100D4EE8B /* sunset2.0UITests */ = {
			isa = PBXNativeTarget;
			buildConfigurationList = 5C208E8F29F4C22100D4EE8B /* Build configuration list for PBXNativeTarget "sunset2.0UITests" */;
			buildPhases = (
				5C208E7B29F4C22100D4EE8B /* Sources */,
				5C208E7C29F4C22100D4EE8B /* Frameworks */,
				5C208E7D29F4C22100D4EE8B /* Resources */,
			);
			buildRules = (
			);
			dependencies = (
				5C208E8129F4C22100D4EE8B /* PBXTargetDependency */,
			);
			name = sunset2.0UITests;
			productName = sunset2.0UITests;
			productReference = 5C208E7F29F4C22100D4EE8B /* sunset2.0UITests.xctest */;
			productType = "com.apple.product-type.bundle.ui-testing";
		};
/* End PBXNativeTarget section */

/* Begin PBXProject section */
		5C208E5D29F4C22000D4EE8B /* Project object */ = {
			isa = PBXProject;
			attributes = {
				BuildIndependentTargetsInParallel = 1;
				LastSwiftUpdateCheck = 1430;
				LastUpgradeCheck = 1430;
				TargetAttributes = {
					5C208E6429F4C22000D4EE8B = {
						CreatedOnToolsVersion = 14.3;
					};
					5C208E7429F4C22100D4EE8B = {
						CreatedOnToolsVersion = 14.3;
						TestTargetID = 5C208E6429F4C22000D4EE8B;
					};
					5C208E7E29F4C22100D4EE8B = {
						CreatedOnToolsVersion = 14.3;
						TestTargetID = 5C208E6429F4C22000D4EE8B;
					};
				};
			};
			buildConfigurationList = 5C208E6029F4C22000D4EE8B /* Build configuration list for PBXProject "sunset2.0" */;
			compatibilityVersion = "Xcode 14.0";
			developmentRegion = en;
			hasScannedForEncodings = 0;
			knownRegions = (
				en,
				Base,
			);
			mainGroup = 5C208E5C29F4C21F00D4EE8B;
			productRefGroup = 5C208E6629F4C22000D4EE8B /* Products */;
			projectDirPath = "";
			projectRoot = "";
			targets = (
				5C208E6429F4C22000D4EE8B /* sunset2.0 */,
				5C208E7429F4C22100D4EE8B /* sunset2.0Tests */,
				5C208E7E29F4C22100D4EE8B /* sunset2.0UITests */,
			);
		};
/* End PBXProject section */

/* Begin PBXResourcesBuildPhase section */
		5C208E6329F4C22000D4EE8B /* Resources */ = {
			isa = PBXResourcesBuildPhase;
			buildActionMask = 2147483647;
			files = (
				5C208E7029F4C22100D4EE8B /* Preview Assets.xcassets in Resources */,
				5C208E6D29F4C22100D4EE8B /* Assets.xcassets in Resources */,
			);
			runOnlyForDeploymentPostprocessing = 0;
		};
		5C208E7329F4C22100D4EE8B /* Resources */ = {
			isa = PBXResourcesBuildPhase;
			buildActionMask = 2147483647;
			files = (
			);
			runOnlyForDeploymentPostprocessing = 0;
		};
		5C208E7D29F4C22100D4EE8B /* Resources */ = {
			isa = PBXResourcesBuildPhase;
			buildActionMask = 2147483647;
			files = (
			);
			runOnlyForDeploymentPostprocessing = 0;
		};
/* End PBXResourcesBuildPhase section */

/* Begin PBXSourcesBuildPhase section */
		5C208E6129F4C22000D4EE8B /* Sources */ = {
			isa = PBXSourcesBuildPhase;
			buildActionMask = 2147483647;
			files = (
				5C208E6B29F4C22000D4EE8B /* ContentView.swift in Sources */,
				5C208E6929F4C22000D4EE8B /* sunset2_0App.swift in Sources */,
			);
			runOnlyForDeploymentPostprocessing = 0;
		};
		5C208E7129F4C22100D4EE8B /* Sources */ = {
			isa = PBXSourcesBuildPhase;
			buildActionMask = 2147483647;
			files = (
				5C208E7A29F4C22100D4EE8B /* sunset2_0Tests.swift in Sources */,
			);
			runOnlyForDeploymentPostprocessing = 0;
		};
		5C208E7B29F4C22100D4EE8B /* Sources */ = {
			isa = PBXSourcesBuildPhase;
			buildActionMask = 2147483647;
			files = (
				5C208E8629F4C22100D4EE8B /* sunset2_0UITestsLaunchTests.swift in Sources */,
				5C208E8429F4C22100D4EE8B /* sunset2_0UITests.swift in Sources */,
			);
			runOnlyForDeploymentPostprocessing = 0;
		};
/* End PBXSourcesBuildPhase section */

/* Begin PBXTargetDependency section */
		5C208E7729F4C22100D4EE8B /* PBXTargetDependency */ = {
			isa = PBXTargetDependency;
			target = 5C208E6429F4C22000D4EE8B /* sunset2.0 */;
			targetProxy = 5C208E7629F4C22100D4EE8B /* PBXContainerItemProxy */;
		};
		5C208E8129F4C22100D4EE8B /* PBXTargetDependency */ = {
			isa = PBXTargetDependency;
			target = 5C208E6429F4C22000D4EE8B /* sunset2.0 */;
			targetProxy = 5C208E8029F4C22100D4EE8B /* PBXContainerItemProxy */;
		};
/* End PBXTargetDependency section */

/* Begin XCBuildConfiguration section */
		5C208E8729F4C22100D4EE8B /* Debug */ = {
			isa = XCBuildConfiguration;
			buildSettings = {
				ALWAYS_SEARCH_USER_PATHS = NO;
				CLANG_ANALYZER_NONNULL = YES;
				CLANG_ANALYZER_NUMBER_OBJECT_CONVERSION = YES_AGGRESSIVE;
				CLANG_CXX_LANGUAGE_STANDARD = "gnu++20";
				CLANG_ENABLE_MODULES = YES;
				CLANG_ENABLE_OBJC_ARC = YES;
				CLANG_ENABLE_OBJC_WEAK = YES;
				CLANG_WARN_BLOCK_CAPTURE_AUTORELEASING = YES;
				CLANG_WARN_BOOL_CONVERSION = YES;
				CLANG_WARN_COMMA = YES;
				CLANG_WARN_CONSTANT_CONVERSION = YES;
				CLANG_WARN_DEPRECATED_OBJC_IMPLEMENTATIONS = YES;
				CLANG_WARN_DIRECT_OBJC_ISA_USAGE = YES_ERROR;
				CLANG_WARN_DOCUMENTATION_COMMENTS = YES;
				CLANG_WARN_EMPTY_BODY = YES;
				CLANG_WARN_ENUM_CONVERSION = YES;
				CLANG_WARN_INFINITE_RECURSION = YES;
				CLANG_WARN_INT_CONVERSION = YES;
				CLANG_WARN_NON_LITERAL_NULL_CONVERSION = YES;
				CLANG_WARN_OBJC_IMPLICIT_RETAIN_SELF = YES;
				CLANG_WARN_OBJC_LITERAL_CONVERSION = YES;
				CLANG_WARN_OBJC_ROOT_CLASS = YES_ERROR;
				CLANG_WARN_QUOTED_INCLUDE_IN_FRAMEWORK_HEADER = YES;
				CLANG_WARN_RANGE_LOOP_ANALYSIS = YES;
				CLANG_WARN_STRICT_PROTOTYPES = YES;
				CLANG_WARN_SUSPICIOUS_MOVE = YES;
				CLANG_WARN_UNGUARDED_AVAILABILITY = YES_AGGRESSIVE;
				CLANG_WARN_UNREACHABLE_CODE = YES;
				CLANG_WARN__DUPLICATE_METHOD_MATCH = YES;
				COPY_PHASE_STRIP = NO;
				DEBUG_INFORMATION_FORMAT = dwarf;
				ENABLE_STRICT_OBJC_MSGSEND = YES;
				ENABLE_TESTABILITY = YES;
				GCC_C_LANGUAGE_STANDARD = gnu11;
				GCC_DYNAMIC_NO_PIC = NO;
				GCC_NO_COMMON_BLOCKS = YES;
				GCC_OPTIMIZATION_LEVEL = 0;
				GCC_PREPROCESSOR_DEFINITIONS = (
					"DEBUG=1",
					"$(inherited)",
				);
				GCC_WARN_64_TO_32_BIT_CONVERSION = YES;
				GCC_WARN_ABOUT_RETURN_TYPE = YES_ERROR;
				GCC_WARN_UNDECLARED_SELECTOR = YES;
				GCC_WARN_UNINITIALIZED_AUTOS = YES_AGGRESSIVE;
				GCC_WARN_UNUSED_FUNCTION = YES;
				GCC_WARN_UNUSED_VARIABLE = YES;
				IPHONEOS_DEPLOYMENT_TARGET = 16.4;
				MTL_ENABLE_DEBUG_INFO = INCLUDE_SOURCE;
				MTL_FAST_MATH = YES;
				ONLY_ACTIVE_ARCH = YES;
				SDKROOT = iphoneos;
				SWIFT_ACTIVE_COMPILATION_CONDITIONS = DEBUG;
				SWIFT_OPTIMIZATION_LEVEL = "-Onone";
			};
			name = Debug;
		};
		5C208E8829F4C22100D4EE8B /* Release */ = {
			isa = XCBuildConfiguration;
			buildSettings = {
				ALWAYS_SEARCH_USER_PATHS = NO;
				CLANG_ANALYZER_NONNULL = YES;
				CLANG_ANALYZER_NUMBER_OBJECT_CONVERSION = YES_AGGRESSIVE;
				CLANG_CXX_LANGUAGE_STANDARD = "gnu++20";
				CLANG_ENABLE_MODULES = YES;
				CLANG_ENABLE_OBJC_ARC = YES;
				CLANG_ENABLE_OBJC_WEAK = YES;
				CLANG_WARN_BLOCK_CAPTURE_AUTORELEASING = YES;
				CLANG_WARN_BOOL_CONVERSION = YES;
				CLANG_WARN_COMMA = YES;
				CLANG_WARN_CONSTANT_CONVERSION = YES;
				CLANG_WARN_DEPRECATED_OBJC_IMPLEMENTATIONS = YES;
				CLANG_WARN_DIRECT_OBJC_ISA_USAGE = YES_ERROR;
				CLANG_WARN_DOCUMENTATION_COMMENTS = YES;
				CLANG_WARN_EMPTY_BODY = YES;
				CLANG_WARN_ENUM_CONVERSION = YES;
				CLANG_WARN_INFINITE_RECURSION = YES;
				CLANG_WARN_INT_CONVERSION = YES;
				CLANG_WARN_NON_LITERAL_NULL_CONVERSION = YES;
				CLANG_WARN_OBJC_IMPLICIT_RETAIN_SELF = YES;
				CLANG_WARN_OBJC_LITERAL_CONVERSION = YES;
				CLANG_WARN_OBJC_ROOT_CLASS = YES_ERROR;
				CLANG_WARN_QUOTED_INCLUDE_IN_FRAMEWORK_HEADER = YES;
				CLANG_WARN_RANGE_LOOP_ANALYSIS = YES;
				CLANG_WARN_STRICT_PROTOTYPES = YES;
				CLANG_WARN_SUSPICIOUS_MOVE = YES;
				CLANG_WARN_UNGUARDED_AVAILABILITY = YES_AGGRESSIVE;
				CLANG_WARN_UNREACHABLE_CODE = YES;
				CLANG_WARN__DUPLICATE_METHOD_MATCH = YES;
				COPY_PHASE_STRIP = NO;
				DEBUG_INFORMATION_FORMAT = "dwarf-with-dsym";
				ENABLE_NS_ASSERTIONS = NO;
				ENABLE_STRICT_OBJC_MSGSEND = YES;
				GCC_C_LANGUAGE_STANDARD = gnu11;
				GCC_NO_COMMON_BLOCKS = YES;
				GCC_WARN_64_TO_32_BIT_CONVERSION = YES;
				GCC_WARN_ABOUT_RETURN_TYPE = YES_ERROR;
				GCC_WARN_UNDECLARED_SELECTOR = YES;
				GCC_WARN_UNINITIALIZED_AUTOS = YES_AGGRESSIVE;
				GCC_WARN_UNUSED_FUNCTION = YES;
				GCC_WARN_UNUSED_VARIABLE = YES;
				IPHONEOS_DEPLOYMENT_TARGET = 16.4;
				MTL_ENABLE_DEBUG_INFO = NO;
				MTL_FAST_MATH = YES;
				SDKROOT = iphoneos;
				SWIFT_COMPILATION_MODE = wholemodule;
				SWIFT_OPTIMIZATION_LEVEL = "-O";
				VALIDATE_PRODUCT = YES;
			};
			name = Release;
		};
		5C208E8A29F4C22100D4EE8B /* Debug */ = {
			isa = XCBuildConfiguration;
			buildSettings = {
				ASSETCATALOG_COMPILER_APPICON_NAME = AppIcon;
				ASSETCATALOG_COMPILER_GLOBAL_ACCENT_COLOR_NAME = AccentColor;
				CODE_SIGN_STYLE = Automatic;
				CURRENT_PROJECT_VERSION = 1;
				DEVELOPMENT_ASSET_PATHS = "\"sunset2.0/Preview Content\"";
				ENABLE_PREVIEWS = YES;
				GENERATE_INFOPLIST_FILE = YES;
				INFOPLIST_KEY_UIApplicationSceneManifest_Generation = YES;
				INFOPLIST_KEY_UIApplicationSupportsIndirectInputEvents = YES;
				INFOPLIST_KEY_UILaunchScreen_Generation = YES;
				INFOPLIST_KEY_UISupportedInterfaceOrientations_iPad = "UIInterfaceOrientationPortrait UIInterfaceOrientationPortraitUpsideDown UIInterfaceOrientationLandscapeLeft UIInterfaceOrientationLandscapeRight";
				INFOPLIST_KEY_UISupportedInterfaceOrientations_iPhone = "UIInterfaceOrientationPortrait UIInterfaceOrientationLandscapeLeft UIInterfaceOrientationLandscapeRight";
				LD_RUNPATH_SEARCH_PATHS = (
					"$(inherited)",
					"@executable_path/Frameworks",
				);
				MARKETING_VERSION = 1.0;
				PRODUCT_BUNDLE_IDENTIFIER = "com.swiftys.sunset2-0";
				PRODUCT_NAME = "$(TARGET_NAME)";
				SWIFT_EMIT_LOC_STRINGS = YES;
				SWIFT_VERSION = 5.0;
				TARGETED_DEVICE_FAMILY = "1,2";
			};
			name = Debug;
		};
		5C208E8B29F4C22100D4EE8B /* Release */ = {
			isa = XCBuildConfiguration;
			buildSettings = {
				ASSETCATALOG_COMPILER_APPICON_NAME = AppIcon;
				ASSETCATALOG_COMPILER_GLOBAL_ACCENT_COLOR_NAME = AccentColor;
				CODE_SIGN_STYLE = Automatic;
				CURRENT_PROJECT_VERSION = 1;
				DEVELOPMENT_ASSET_PATHS = "\"sunset2.0/Preview Content\"";
				ENABLE_PREVIEWS = YES;
				GENERATE_INFOPLIST_FILE = YES;
				INFOPLIST_KEY_UIApplicationSceneManifest_Generation = YES;
				INFOPLIST_KEY_UIApplicationSupportsIndirectInputEvents = YES;
				INFOPLIST_KEY_UILaunchScreen_Generation = YES;
				INFOPLIST_KEY_UISupportedInterfaceOrientations_iPad = "UIInterfaceOrientationPortrait UIInterfaceOrientationPortraitUpsideDown UIInterfaceOrientationLandscapeLeft UIInterfaceOrientationLandscapeRight";
				INFOPLIST_KEY_UISupportedInterfaceOrientations_iPhone = "UIInterfaceOrientationPortrait UIInterfaceOrientationLandscapeLeft UIInterfaceOrientationLandscapeRight";
				LD_RUNPATH_SEARCH_PATHS = (
					"$(inherited)",
					"@executable_path/Frameworks",
				);
				MARKETING_VERSION = 1.0;
				PRODUCT_BUNDLE_IDENTIFIER = "com.swiftys.sunset2-0";
				PRODUCT_NAME = "$(TARGET_NAME)";
				SWIFT_EMIT_LOC_STRINGS = YES;
				SWIFT_VERSION = 5.0;
				TARGETED_DEVICE_FAMILY = "1,2";
			};
			name = Release;
		};
		5C208E8D29F4C22100D4EE8B /* Debug */ = {
			isa = XCBuildConfiguration;
			buildSettings = {
				ALWAYS_EMBED_SWIFT_STANDARD_LIBRARIES = YES;
				BUNDLE_LOADER = "$(TEST_HOST)";
				CODE_SIGN_STYLE = Automatic;
				CURRENT_PROJECT_VERSION = 1;
				GENERATE_INFOPLIST_FILE = YES;
				IPHONEOS_DEPLOYMENT_TARGET = 16.4;
				MARKETING_VERSION = 1.0;
				PRODUCT_BUNDLE_IDENTIFIER = "com.swiftys.sunset2-0Tests";
				PRODUCT_NAME = "$(TARGET_NAME)";
				SWIFT_EMIT_LOC_STRINGS = NO;
				SWIFT_VERSION = 5.0;
				TARGETED_DEVICE_FAMILY = "1,2";
				TEST_HOST = "$(BUILT_PRODUCTS_DIR)/sunset2.0.app/$(BUNDLE_EXECUTABLE_FOLDER_PATH)/sunset2.0";
			};
			name = Debug;
		};
		5C208E8E29F4C22100D4EE8B /* Release */ = {
			isa = XCBuildConfiguration;
			buildSettings = {
				ALWAYS_EMBED_SWIFT_STANDARD_LIBRARIES = YES;
				BUNDLE_LOADER = "$(TEST_HOST)";
				CODE_SIGN_STYLE = Automatic;
				CURRENT_PROJECT_VERSION = 1;
				GENERATE_INFOPLIST_FILE = YES;
				IPHONEOS_DEPLOYMENT_TARGET = 16.4;
				MARKETING_VERSION = 1.0;
				PRODUCT_BUNDLE_IDENTIFIER = "com.swiftys.sunset2-0Tests";
				PRODUCT_NAME = "$(TARGET_NAME)";
				SWIFT_EMIT_LOC_STRINGS = NO;
				SWIFT_VERSION = 5.0;
				TARGETED_DEVICE_FAMILY = "1,2";
				TEST_HOST = "$(BUILT_PRODUCTS_DIR)/sunset2.0.app/$(BUNDLE_EXECUTABLE_FOLDER_PATH)/sunset2.0";
			};
			name = Release;
		};
		5C208E9029F4C22100D4EE8B /* Debug */ = {
			isa = XCBuildConfiguration;
			buildSettings = {
				ALWAYS_EMBED_SWIFT_STANDARD_LIBRARIES = YES;
				CODE_SIGN_STYLE = Automatic;
				CURRENT_PROJECT_VERSION = 1;
				GENERATE_INFOPLIST_FILE = YES;
				MARKETING_VERSION = 1.0;
				PRODUCT_BUNDLE_IDENTIFIER = "com.swiftys.sunset2-0UITests";
				PRODUCT_NAME = "$(TARGET_NAME)";
				SWIFT_EMIT_LOC_STRINGS = NO;
				SWIFT_VERSION = 5.0;
				TARGETED_DEVICE_FAMILY = "1,2";
				TEST_TARGET_NAME = sunset2.0;
			};
			name = Debug;
		};
		5C208E9129F4C22100D4EE8B /* Release */ = {
			isa = XCBuildConfiguration;
			buildSettings = {
				ALWAYS_EMBED_SWIFT_STANDARD_LIBRARIES = YES;
				CODE_SIGN_STYLE = Automatic;
				CURRENT_PROJECT_VERSION = 1;
				GENERATE_INFOPLIST_FILE = YES;
				MARKETING_VERSION = 1.0;
				PRODUCT_BUNDLE_IDENTIFIER = "com.swiftys.sunset2-0UITests";
				PRODUCT_NAME = "$(TARGET_NAME)";
				SWIFT_EMIT_LOC_STRINGS = NO;
				SWIFT_VERSION = 5.0;
				TARGETED_DEVICE_FAMILY = "1,2";
				TEST_TARGET_NAME = sunset2.0;
			};
			name = Release;
		};
/* End XCBuildConfiguration section */

/* Begin XCConfigurationList section */
		5C208E6029F4C22000D4EE8B /* Build configuration list for PBXProject "sunset2.0" */ = {
			isa = XCConfigurationList;
			buildConfigurations = (
				5C208E8729F4C22100D4EE8B /* Debug */,
				5C208E8829F4C22100D4EE8B /* Release */,
			);
			defaultConfigurationIsVisible = 0;
			defaultConfigurationName = Release;
		};
		5C208E8929F4C22100D4EE8B /* Build configuration list for PBXNativeTarget "sunset2.0" */ = {
			isa = XCConfigurationList;
			buildConfigurations = (
				5C208E8A29F4C22100D4EE8B /* Debug */,
				5C208E8B29F4C22100D4EE8B /* Release */,
			);
			defaultConfigurationIsVisible = 0;
			defaultConfigurationName = Release;
		};
		5C208E8C29F4C22100D4EE8B /* Build configuration list for PBXNativeTarget "sunset2.0Tests" */ = {
			isa = XCConfigurationList;
			buildConfigurations = (
				5C208E8D29F4C22100D4EE8B /* Debug */,
				5C208E8E29F4C22100D4EE8B /* Release */,
			);
			defaultConfigurationIsVisible = 0;
			defaultConfigurationName = Release;
		};
		5C208E8F29F4C22100D4EE8B /* Build configuration list for PBXNativeTarget "sunset2.0UITests" */ = {
			isa = XCConfigurationList;
			buildConfigurations = (
				5C208E9029F4C22100D4EE8B /* Debug */,
				5C208E9129F4C22100D4EE8B /* Release */,
			);
			defaultConfigurationIsVisible = 0;
			defaultConfigurationName = Release;
		};
/* End XCConfigurationList section */
	};
	rootObject = 5C208E5D29F4C22000D4EE8B /* Project object */;
}
